
Microsoft Visual Studio Solution File, Format Version 12.00
# Visual Studio Version 17
VisualStudioVersion = 17.8.34330.188
MinimumVisualStudioVersion = 10.0.40219.1
Project("{FAE04EC0-301F-11D3-BF4B-00C04F79EFBC}") = "AuctionApp", "AuctionApp\AuctionApp.csproj", "{30E1615F-7F0A-491D-9DC3-D878DEE73D01}"
EndProject
Global
	GlobalSection(SolutionConfigurationPlatforms) = preSolution
		Debug|Any CPU = Debug|Any CPU
		Release|Any CPU = Release|Any CPU
	EndGlobalSection
	GlobalSection(ProjectConfigurationPlatforms) = postSolution
		{30E1615F-7F0A-491D-9DC3-D878DEE73D01}.Debug|Any CPU.ActiveCfg = Debug|Any CPU
		{30E1615F-7F0A-491D-9DC3-D878DEE73D01}.Debug|Any CPU.Build.0 = Debug|Any CPU
		{30E1615F-7F0A-491D-9DC3-D878DEE73D01}.Release|Any CPU.ActiveCfg = Release|Any CPU
		{30E1615F-7F0A-491D-9DC3-D878DEE73D01}.Release|Any CPU.Build.0 = Release|Any CPU
	EndGlobalSection
	GlobalSection(SolutionProperties) = preSolution
		HideSolutionNode = FALSE
	EndGlobalSection
	GlobalSection(ExtensibilityGlobals) = postSolution
		SolutionGuid = {FE86B241-002F-4EE4-91FC-A5AED410711C}
	EndGlobalSection
EndGlobal
